
Microsoft Visual Studio Solution File, Format Version 12.00
# Visual Studio 15
VisualStudioVersion = 15.0.26124.0
MinimumVisualStudioVersion = 15.0.26124.0
Project("{2150E333-8FDC-42A3-9474-1A3956D46DE8}") = "src", "src", "{72F23F0D-E2A0-4CC7-BE64-5C7B5CF385E8}"
EndProject
Project("{FAE04EC0-301F-11D3-BF4B-00C04F79EFBC}") = "AstPolyfillExample", "src\AstPolyfillExample\AstPolyfillExample.csproj", "{E30F160E-8766-4323-9A49-08F0E5FBF355}"
EndProject
Project("{FAE04EC0-301F-11D3-BF4B-00C04F79EFBC}") = "AstPolyfiller7", "src\AstPolyfiller7\AstPolyfiller7.csproj", "{1FCBDD24-1F8E-47AA-8E17-0B7BF2C80C6F}"
EndProject
Project("{FAE04EC0-301F-11D3-BF4B-00C04F79EFBC}") = "AstPolyfiller5", "src\AstPolyfiller5\AstPolyfiller5.csproj", "{C32C636F-D0AF-45D3-AD60-DA788F9D3E93}"
EndProject
Global
	GlobalSection(SolutionConfigurationPlatforms) = preSolution
		Debug|Any CPU = Debug|Any CPU
		Debug|x64 = Debug|x64
		Debug|x86 = Debug|x86
		Release|Any CPU = Release|Any CPU
		Release|x64 = Release|x64
		Release|x86 = Release|x86
	EndGlobalSection
	GlobalSection(SolutionProperties) = preSolution
		HideSolutionNode = FALSE
	EndGlobalSection
	GlobalSection(ProjectConfigurationPlatforms) = postSolution
		{E30F160E-8766-4323-9A49-08F0E5FBF355}.Debug|Any CPU.ActiveCfg = Debug|Any CPU
		{E30F160E-8766-4323-9A49-08F0E5FBF355}.Debug|Any CPU.Build.0 = Debug|Any CPU
		{E30F160E-8766-4323-9A49-08F0E5FBF355}.Debug|x64.ActiveCfg = Debug|Any CPU
		{E30F160E-8766-4323-9A49-08F0E5FBF355}.Debug|x64.Build.0 = Debug|Any CPU
		{E30F160E-8766-4323-9A49-08F0E5FBF355}.Debug|x86.ActiveCfg = Debug|Any CPU
		{E30F160E-8766-4323-9A49-08F0E5FBF355}.Debug|x86.Build.0 = Debug|Any CPU
		{E30F160E-8766-4323-9A49-08F0E5FBF355}.Release|Any CPU.ActiveCfg = Release|Any CPU
		{E30F160E-8766-4323-9A49-08F0E5FBF355}.Release|Any CPU.Build.0 = Release|Any CPU
		{E30F160E-8766-4323-9A49-08F0E5FBF355}.Release|x64.ActiveCfg = Release|Any CPU
		{E30F160E-8766-4323-9A49-08F0E5FBF355}.Release|x64.Build.0 = Release|Any CPU
		{E30F160E-8766-4323-9A49-08F0E5FBF355}.Release|x86.ActiveCfg = Release|Any CPU
		{E30F160E-8766-4323-9A49-08F0E5FBF355}.Release|x86.Build.0 = Release|Any CPU
		{1FCBDD24-1F8E-47AA-8E17-0B7BF2C80C6F}.Debug|Any CPU.ActiveCfg = Debug|Any CPU
		{1FCBDD24-1F8E-47AA-8E17-0B7BF2C80C6F}.Debug|Any CPU.Build.0 = Debug|Any CPU
		{1FCBDD24-1F8E-47AA-8E17-0B7BF2C80C6F}.Debug|x64.ActiveCfg = Debug|Any CPU
		{1FCBDD24-1F8E-47AA-8E17-0B7BF2C80C6F}.Debug|x64.Build.0 = Debug|Any CPU
		{1FCBDD24-1F8E-47AA-8E17-0B7BF2C80C6F}.Debug|x86.ActiveCfg = Debug|Any CPU
		{1FCBDD24-1F8E-47AA-8E17-0B7BF2C80C6F}.Debug|x86.Build.0 = Debug|Any CPU
		{1FCBDD24-1F8E-47AA-8E17-0B7BF2C80C6F}.Release|Any CPU.ActiveCfg = Release|Any CPU
		{1FCBDD24-1F8E-47AA-8E17-0B7BF2C80C6F}.Release|Any CPU.Build.0 = Release|Any CPU
		{1FCBDD24-1F8E-47AA-8E17-0B7BF2C80C6F}.Release|x64.ActiveCfg = Release|Any CPU
		{1FCBDD24-1F8E-47AA-8E17-0B7BF2C80C6F}.Release|x64.Build.0 = Release|Any CPU
		{1FCBDD24-1F8E-47AA-8E17-0B7BF2C80C6F}.Release|x86.ActiveCfg = Release|Any CPU
		{1FCBDD24-1F8E-47AA-8E17-0B7BF2C80C6F}.Release|x86.Build.0 = Release|Any CPU
		{C32C636F-D0AF-45D3-AD60-DA788F9D3E93}.Debug|Any CPU.ActiveCfg = Debug|Any CPU
		{C32C636F-D0AF-45D3-AD60-DA788F9D3E93}.Debug|Any CPU.Build.0 = Debug|Any CPU
		{C32C636F-D0AF-45D3-AD60-DA788F9D3E93}.Debug|x64.ActiveCfg = Debug|Any CPU
		{C32C636F-D0AF-45D3-AD60-DA788F9D3E93}.Debug|x64.Build.0 = Debug|Any CPU
		{C32C636F-D0AF-45D3-AD60-DA788F9D3E93}.Debug|x86.ActiveCfg = Debug|Any CPU
		{C32C636F-D0AF-45D3-AD60-DA788F9D3E93}.Debug|x86.Build.0 = Debug|Any CPU
		{C32C636F-D0AF-45D3-AD60-DA788F9D3E93}.Release|Any CPU.ActiveCfg = Release|Any CPU
		{C32C636F-D0AF-45D3-AD60-DA788F9D3E93}.Release|Any CPU.Build.0 = Release|Any CPU
		{C32C636F-D0AF-45D3-AD60-DA788F9D3E93}.Release|x64.ActiveCfg = Release|Any CPU
		{C32C636F-D0AF-45D3-AD60-DA788F9D3E93}.Release|x64.Build.0 = Release|Any CPU
		{C32C636F-D0AF-45D3-AD60-DA788F9D3E93}.Release|x86.ActiveCfg = Release|Any CPU
		{C32C636F-D0AF-45D3-AD60-DA788F9D3E93}.Release|x86.Build.0 = Release|Any CPU
	EndGlobalSection
	GlobalSection(NestedProjects) = preSolution
		{E30F160E-8766-4323-9A49-08F0E5FBF355} = {72F23F0D-E2A0-4CC7-BE64-5C7B5CF385E8}
		{1FCBDD24-1F8E-47AA-8E17-0B7BF2C80C6F} = {72F23F0D-E2A0-4CC7-BE64-5C7B5CF385E8}
		{C32C636F-D0AF-45D3-AD60-DA788F9D3E93} = {72F23F0D-E2A0-4CC7-BE64-5C7B5CF385E8}
	EndGlobalSection
EndGlobal
